
Microsoft Visual Studio Solution File, Format Version 12.00
# Visual Studio Version 17
VisualStudioVersion = 17.7.34024.191
MinimumVisualStudioVersion = 10.0.40219.1
Project("{FAE04EC0-301F-11D3-BF4B-00C04F79EFBC}") = "FirstMVCapp", "FirstMVCapp\FirstMVCapp.csproj", "{0D4EE55A-7F30-4E64-83A3-F711CC3246B3}"
EndProject
Global
	GlobalSection(SolutionConfigurationPlatforms) = preSolution
		Debug|Any CPU = Debug|Any CPU
		Release|Any CPU = Release|Any CPU
	EndGlobalSection
	GlobalSection(ProjectConfigurationPlatforms) = postSolution
		{0D4EE55A-7F30-4E64-83A3-F711CC3246B3}.Debug|Any CPU.ActiveCfg = Debug|Any CPU
		{0D4EE55A-7F30-4E64-83A3-F711CC3246B3}.Debug|Any CPU.Build.0 = Debug|Any CPU
		{0D4EE55A-7F30-4E64-83A3-F711CC3246B3}.Release|Any CPU.ActiveCfg = Release|Any CPU
		{0D4EE55A-7F30-4E64-83A3-F711CC3246B3}.Release|Any CPU.Build.0 = Release|Any CPU
	EndGlobalSection
	GlobalSection(SolutionProperties) = preSolution
		HideSolutionNode = FALSE
	EndGlobalSection
	GlobalSection(ExtensibilityGlobals) = postSolution
		SolutionGuid = {A08AA289-A736-42EE-AC70-5E83F987ADA3}
	EndGlobalSection
EndGlobal
